// !$*UTF8*$!
{
	archiveVersion = 1;
	classes = {
	};
	objectVersion = 52;
	objects = {

/* Begin PBXBuildFile section */
		1B07E0D824CA2EB3000D9AD8 /* TransactionDetail.swift in Sources */ = {isa = PBXBuildFile; fileRef = 1B07E0D724CA2EB3000D9AD8 /* TransactionDetail.swift */; };
		1B07E0DC24CA3162000D9AD8 /* AccountList.swift in Sources */ = {isa = PBXBuildFile; fileRef = 1B07E0DB24CA3162000D9AD8 /* AccountList.swift */; };
		1B07E0DE24CA316E000D9AD8 /* AccountDetail.swift in Sources */ = {isa = PBXBuildFile; fileRef = 1B07E0DD24CA316E000D9AD8 /* AccountDetail.swift */; };
		1B07E0E124CA34A9000D9AD8 /* TagList.swift in Sources */ = {isa = PBXBuildFile; fileRef = 1B07E0E024CA34A9000D9AD8 /* TagList.swift */; };
		1B07E0E324CA34B4000D9AD8 /* TagDetail.swift in Sources */ = {isa = PBXBuildFile; fileRef = 1B07E0E224CA34B4000D9AD8 /* TagDetail.swift */; };
		1B07E0E524CA51FB000D9AD8 /* Analytics.swift in Sources */ = {isa = PBXBuildFile; fileRef = 1B07E0E424CA51FB000D9AD8 /* Analytics.swift */; };
		1B3365E024C9511200028BBC /* BankingUIApp.swift in Sources */ = {isa = PBXBuildFile; fileRef = 1B3365DF24C9511200028BBC /* BankingUIApp.swift */; };
		1B3365E424C9511400028BBC /* Assets.xcassets in Resources */ = {isa = PBXBuildFile; fileRef = 1B3365E324C9511400028BBC /* Assets.xcassets */; };
		1B3365E724C9511400028BBC /* Preview Assets.xcassets in Resources */ = {isa = PBXBuildFile; fileRef = 1B3365E624C9511400028BBC /* Preview Assets.xcassets */; };
		1B3365EF24CA046300028BBC /* Models.swift in Sources */ = {isa = PBXBuildFile; fileRef = 1B3365EE24CA046300028BBC /* Models.swift */; };
		1B3365F124CA076F00028BBC /* Extentions.swift in Sources */ = {isa = PBXBuildFile; fileRef = 1B3365F024CA076F00028BBC /* Extentions.swift */; };
		1B3365F524CA0C9A00028BBC /* TagRow.swift in Sources */ = {isa = PBXBuildFile; fileRef = 1B3365F424CA0C9A00028BBC /* TagRow.swift */; };
		1B3365F724CA0D4D00028BBC /* TransactionRow.swift in Sources */ = {isa = PBXBuildFile; fileRef = 1B3365F624CA0D4D00028BBC /* TransactionRow.swift */; };
		1B3365F924CA1B9900028BBC /* AccountRow.swift in Sources */ = {isa = PBXBuildFile; fileRef = 1B3365F824CA1B9900028BBC /* AccountRow.swift */; };
		1B3365FB24CA1C5400028BBC /* AddRow.swift in Sources */ = {isa = PBXBuildFile; fileRef = 1B3365FA24CA1C5400028BBC /* AddRow.swift */; };
		1B3365FE24CA1E4600028BBC /* TransactionList.swift in Sources */ = {isa = PBXBuildFile; fileRef = 1B3365FD24CA1E4600028BBC /* TransactionList.swift */; };
		1B888E7924CFC0BB000B3365 /* Overview.swift in Sources */ = {isa = PBXBuildFile; fileRef = 1B888E7824CFC0BB000B3365 /* Overview.swift */; };
		1B888E7B24CFE7EA000B3365 /* AccountsOverview.swift in Sources */ = {isa = PBXBuildFile; fileRef = 1B888E7A24CFE7EA000B3365 /* AccountsOverview.swift */; };
		1BB1431B24D07D8700A7C0B1 /* TransAmount.swift in Sources */ = {isa = PBXBuildFile; fileRef = 1BB1431A24D07D8700A7C0B1 /* TransAmount.swift */; };
		1BB1431F24D083BF00A7C0B1 /* TransMerchant.swift in Sources */ = {isa = PBXBuildFile; fileRef = 1BB1431E24D083BF00A7C0B1 /* TransMerchant.swift */; };
		1BB1432124D0848900A7C0B1 /* TransDate.swift in Sources */ = {isa = PBXBuildFile; fileRef = 1BB1432024D0848900A7C0B1 /* TransDate.swift */; };
		1BB1432324D0881200A7C0B1 /* TransAccount.swift in Sources */ = {isa = PBXBuildFile; fileRef = 1BB1432224D0881200A7C0B1 /* TransAccount.swift */; };
		1BB1432524D0F26300A7C0B1 /* TransSummary.swift in Sources */ = {isa = PBXBuildFile; fileRef = 1BB1432424D0F26300A7C0B1 /* TransSummary.swift */; };
		1BB1433224D1437700A7C0B1 /* SwiftUICharts in Frameworks */ = {isa = PBXBuildFile; productRef = 1BB1433124D1437700A7C0B1 /* SwiftUICharts */; };
		1BB1433524D1C8B600A7C0B1 /* Card.swift in Sources */ = {isa = PBXBuildFile; fileRef = 1BB1433424D1C8B600A7C0B1 /* Card.swift */; };
		1BC9B59A24CE8FE400CAEB78 /* Currency.swift in Sources */ = {isa = PBXBuildFile; fileRef = 1BC9B59924CE8FE400CAEB78 /* Currency.swift */; };
		1BC9B59B24CE940E00CAEB78 /* CurrencyTextField.swift in Sources */ = {isa = PBXBuildFile; fileRef = 1BD90F1B24CE77700049758D /* CurrencyTextField.swift */; };
		1BD90F0424CAA2EB0049758D /* TagName.swift in Sources */ = {isa = PBXBuildFile; fileRef = 1BD90F0324CAA2EB0049758D /* TagName.swift */; };
		1BD90F0824CD27B00049758D /* TabBar.swift in Sources */ = {isa = PBXBuildFile; fileRef = 1BD90F0724CD27B00049758D /* TabBar.swift */; };
		1BD90F0A24CD39FE0049758D /* GlobalData.swift in Sources */ = {isa = PBXBuildFile; fileRef = 1BD90F0924CD39FE0049758D /* GlobalData.swift */; };
		1BD90F0D24CDFA720049758D /* GeneralTextField.swift in Sources */ = {isa = PBXBuildFile; fileRef = 1BD90F0C24CDFA720049758D /* GeneralTextField.swift */; };
		1BD90F0F24CDFE690049758D /* AccountName.swift in Sources */ = {isa = PBXBuildFile; fileRef = 1BD90F0E24CDFE690049758D /* AccountName.swift */; };
		1BD90F1424CE057C0049758D /* TagColor.swift in Sources */ = {isa = PBXBuildFile; fileRef = 1BD90F1324CE057C0049758D /* TagColor.swift */; };
		1BD90F1624CE06FD0049758D /* AccountType.swift in Sources */ = {isa = PBXBuildFile; fileRef = 1BD90F1524CE06FD0049758D /* AccountType.swift */; };
		1BD90F1824CE722E0049758D /* AccountBalance.swift in Sources */ = {isa = PBXBuildFile; fileRef = 1BD90F1724CE722E0049758D /* AccountBalance.swift */; };
		1BD90F1A24CE74720049758D /* AccountSummary.swift in Sources */ = {isa = PBXBuildFile; fileRef = 1BD90F1924CE74720049758D /* AccountSummary.swift */; };
		4BCC8626EA0C7254221C2B55 /* Pods_BankingUI.framework in Frameworks */ = {isa = PBXBuildFile; fileRef = F8AB9F98E639636CB577A3C1 /* Pods_BankingUI.framework */; };
/* End PBXBuildFile section */

/* Begin PBXFileReference section */
		1B07E0D724CA2EB3000D9AD8 /* TransactionDetail.swift */ = {isa = PBXFileReference; lastKnownFileType = sourcecode.swift; path = TransactionDetail.swift; sourceTree = "<group>"; };
		1B07E0DB24CA3162000D9AD8 /* AccountList.swift */ = {isa = PBXFileReference; lastKnownFileType = sourcecode.swift; path = AccountList.swift; sourceTree = "<group>"; };
		1B07E0DD24CA316E000D9AD8 /* AccountDetail.swift */ = {isa = PBXFileReference; lastKnownFileType = sourcecode.swift; path = AccountDetail.swift; sourceTree = "<group>"; };
		1B07E0E024CA34A9000D9AD8 /* TagList.swift */ = {isa = PBXFileReference; lastKnownFileType = sourcecode.swift; path = TagList.swift; sourceTree = "<group>"; };
		1B07E0E224CA34B4000D9AD8 /* TagDetail.swift */ = {isa = PBXFileReference; lastKnownFileType = sourcecode.swift; path = TagDetail.swift; sourceTree = "<group>"; };
		1B07E0E424CA51FB000D9AD8 /* Analytics.swift */ = {isa = PBXFileReference; lastKnownFileType = sourcecode.swift; path = Analytics.swift; sourceTree = "<group>"; };
		1B3365DC24C9511200028BBC /* BankingUI.app */ = {isa = PBXFileReference; explicitFileType = wrapper.application; includeInIndex = 0; path = BankingUI.app; sourceTree = BUILT_PRODUCTS_DIR; };
		1B3365DF24C9511200028BBC /* BankingUIApp.swift */ = {isa = PBXFileReference; lastKnownFileType = sourcecode.swift; path = BankingUIApp.swift; sourceTree = "<group>"; };
		1B3365E324C9511400028BBC /* Assets.xcassets */ = {isa = PBXFileReference; lastKnownFileType = folder.assetcatalog; path = Assets.xcassets; sourceTree = "<group>"; };
		1B3365E624C9511400028BBC /* Preview Assets.xcassets */ = {isa = PBXFileReference; lastKnownFileType = folder.assetcatalog; path = "Preview Assets.xcassets"; sourceTree = "<group>"; };
		1B3365E824C9511400028BBC /* Info.plist */ = {isa = PBXFileReference; lastKnownFileType = text.plist.xml; path = Info.plist; sourceTree = "<group>"; };
		1B3365EE24CA046300028BBC /* Models.swift */ = {isa = PBXFileReference; fileEncoding = 4; lastKnownFileType = sourcecode.swift; path = Models.swift; sourceTree = "<group>"; };
		1B3365F024CA076F00028BBC /* Extentions.swift */ = {isa = PBXFileReference; fileEncoding = 4; lastKnownFileType = sourcecode.swift; path = Extentions.swift; sourceTree = "<group>"; };
		1B3365F424CA0C9A00028BBC /* TagRow.swift */ = {isa = PBXFileReference; lastKnownFileType = sourcecode.swift; path = TagRow.swift; sourceTree = "<group>"; };
		1B3365F624CA0D4D00028BBC /* TransactionRow.swift */ = {isa = PBXFileReference; lastKnownFileType = sourcecode.swift; path = TransactionRow.swift; sourceTree = "<group>"; };
		1B3365F824CA1B9900028BBC /* AccountRow.swift */ = {isa = PBXFileReference; lastKnownFileType = sourcecode.swift; path = AccountRow.swift; sourceTree = "<group>"; };
		1B3365FA24CA1C5400028BBC /* AddRow.swift */ = {isa = PBXFileReference; lastKnownFileType = sourcecode.swift; path = AddRow.swift; sourceTree = "<group>"; };
		1B3365FD24CA1E4600028BBC /* TransactionList.swift */ = {isa = PBXFileReference; lastKnownFileType = sourcecode.swift; path = TransactionList.swift; sourceTree = "<group>"; };
		1B888E7824CFC0BB000B3365 /* Overview.swift */ = {isa = PBXFileReference; lastKnownFileType = sourcecode.swift; path = Overview.swift; sourceTree = "<group>"; };
		1B888E7A24CFE7EA000B3365 /* AccountsOverview.swift */ = {isa = PBXFileReference; lastKnownFileType = sourcecode.swift; path = AccountsOverview.swift; sourceTree = "<group>"; };
		1B9B6AA424D3BEA30038D031 /* ChartView */ = {isa = PBXFileReference; lastKnownFileType = folder; name = ChartView; path = "../../../../../../Macintosh HD/Users/sagar/Projects/ChartView"; sourceTree = "<group>"; };
		1BB1431A24D07D8700A7C0B1 /* TransAmount.swift */ = {isa = PBXFileReference; lastKnownFileType = sourcecode.swift; path = TransAmount.swift; sourceTree = "<group>"; };
		1BB1431E24D083BF00A7C0B1 /* TransMerchant.swift */ = {isa = PBXFileReference; lastKnownFileType = sourcecode.swift; path = TransMerchant.swift; sourceTree = "<group>"; };
		1BB1432024D0848900A7C0B1 /* TransDate.swift */ = {isa = PBXFileReference; lastKnownFileType = sourcecode.swift; path = TransDate.swift; sourceTree = "<group>"; };
		1BB1432224D0881200A7C0B1 /* TransAccount.swift */ = {isa = PBXFileReference; lastKnownFileType = sourcecode.swift; path = TransAccount.swift; sourceTree = "<group>"; };
		1BB1432424D0F26300A7C0B1 /* TransSummary.swift */ = {isa = PBXFileReference; lastKnownFileType = sourcecode.swift; path = TransSummary.swift; sourceTree = "<group>"; };
		1BB1432D24D1424600A7C0B1 /* Package.swift */ = {isa = PBXFileReference; lastKnownFileType = sourcecode.swift; name = Package.swift; path = ChartView/Package.swift; sourceTree = "<group>"; };
		1BB1433424D1C8B600A7C0B1 /* Card.swift */ = {isa = PBXFileReference; lastKnownFileType = sourcecode.swift; path = Card.swift; sourceTree = "<group>"; };
		1BC9B59924CE8FE400CAEB78 /* Currency.swift */ = {isa = PBXFileReference; lastKnownFileType = sourcecode.swift; path = Currency.swift; sourceTree = "<group>"; };
		1BD90F0324CAA2EB0049758D /* TagName.swift */ = {isa = PBXFileReference; lastKnownFileType = sourcecode.swift; path = TagName.swift; sourceTree = "<group>"; };
		1BD90F0724CD27B00049758D /* TabBar.swift */ = {isa = PBXFileReference; lastKnownFileType = sourcecode.swift; path = TabBar.swift; sourceTree = "<group>"; };
		1BD90F0924CD39FE0049758D /* GlobalData.swift */ = {isa = PBXFileReference; lastKnownFileType = sourcecode.swift; path = GlobalData.swift; sourceTree = "<group>"; };
		1BD90F0C24CDFA720049758D /* GeneralTextField.swift */ = {isa = PBXFileReference; lastKnownFileType = sourcecode.swift; path = GeneralTextField.swift; sourceTree = "<group>"; };
		1BD90F0E24CDFE690049758D /* AccountName.swift */ = {isa = PBXFileReference; lastKnownFileType = sourcecode.swift; path = AccountName.swift; sourceTree = "<group>"; };
		1BD90F1324CE057C0049758D /* TagColor.swift */ = {isa = PBXFileReference; lastKnownFileType = sourcecode.swift; path = TagColor.swift; sourceTree = "<group>"; };
		1BD90F1524CE06FD0049758D /* AccountType.swift */ = {isa = PBXFileReference; lastKnownFileType = sourcecode.swift; path = AccountType.swift; sourceTree = "<group>"; };
		1BD90F1724CE722E0049758D /* AccountBalance.swift */ = {isa = PBXFileReference; lastKnownFileType = sourcecode.swift; path = AccountBalance.swift; sourceTree = "<group>"; };
		1BD90F1924CE74720049758D /* AccountSummary.swift */ = {isa = PBXFileReference; lastKnownFileType = sourcecode.swift; path = AccountSummary.swift; sourceTree = "<group>"; };
		1BD90F1B24CE77700049758D /* CurrencyTextField.swift */ = {isa = PBXFileReference; lastKnownFileType = sourcecode.swift; path = CurrencyTextField.swift; sourceTree = "<group>"; };
		47B0D26E0279522B61C9C7CC /* Pods-BankingUI.release.xcconfig */ = {isa = PBXFileReference; includeInIndex = 1; lastKnownFileType = text.xcconfig; name = "Pods-BankingUI.release.xcconfig"; path = "Target Support Files/Pods-BankingUI/Pods-BankingUI.release.xcconfig"; sourceTree = "<group>"; };
		7CDAE02570CCC1468E8F4A19 /* Pods-BankingUI.debug.xcconfig */ = {isa = PBXFileReference; includeInIndex = 1; lastKnownFileType = text.xcconfig; name = "Pods-BankingUI.debug.xcconfig"; path = "Target Support Files/Pods-BankingUI/Pods-BankingUI.debug.xcconfig"; sourceTree = "<group>"; };
		F8AB9F98E639636CB577A3C1 /* Pods_BankingUI.framework */ = {isa = PBXFileReference; explicitFileType = wrapper.framework; includeInIndex = 0; path = Pods_BankingUI.framework; sourceTree = BUILT_PRODUCTS_DIR; };
/* End PBXFileReference section */

/* Begin PBXFrameworksBuildPhase section */
		1B3365D924C9511200028BBC /* Frameworks */ = {
			isa = PBXFrameworksBuildPhase;
			buildActionMask = 2147483647;
			files = (
				4BCC8626EA0C7254221C2B55 /* Pods_BankingUI.framework in Frameworks */,
				1BB1433224D1437700A7C0B1 /* SwiftUICharts in Frameworks */,
			);
			runOnlyForDeploymentPostprocessing = 0;
		};
/* End PBXFrameworksBuildPhase section */

/* Begin PBXGroup section */
		1B07E0D924CA3137000D9AD8 /* Transactions */ = {
			isa = PBXGroup;
			children = (
				1B3365FD24CA1E4600028BBC /* TransactionList.swift */,
				1B07E0D724CA2EB3000D9AD8 /* TransactionDetail.swift */,
				1BB1431924D07B4B00A7C0B1 /* Add Pages */,
			);
			path = Transactions;
			sourceTree = "<group>";
		};
		1B07E0DA24CA314F000D9AD8 /* Accounts */ = {
			isa = PBXGroup;
			children = (
				1B07E0DB24CA3162000D9AD8 /* AccountList.swift */,
				1B07E0DD24CA316E000D9AD8 /* AccountDetail.swift */,
				1BD90F0B24CDF1260049758D /* Add Pages */,
			);
			path = Accounts;
			sourceTree = "<group>";
		};
		1B07E0DF24CA349D000D9AD8 /* Tags */ = {
			isa = PBXGroup;
			children = (
				1B07E0E024CA34A9000D9AD8 /* TagList.swift */,
				1B07E0E224CA34B4000D9AD8 /* TagDetail.swift */,
				1BD90F1224CE056A0049758D /* Add Pages */,
			);
			path = Tags;
			sourceTree = "<group>";
		};
		1B3365D324C9511200028BBC = {
			isa = PBXGroup;
			children = (
				1B9B6AA424D3BEA30038D031 /* ChartView */,
				1B3365DE24C9511200028BBC /* BankingUI */,
				1B3365DD24C9511200028BBC /* Products */,
				C4ABCDA92AD497BF9B7155D4 /* Pods */,
				66083A01BDFA3804A3CB0577 /* Frameworks */,
			);
			sourceTree = "<group>";
		};
		1B3365DD24C9511200028BBC /* Products */ = {
			isa = PBXGroup;
			children = (
				1B3365DC24C9511200028BBC /* BankingUI.app */,
			);
			name = Products;
			sourceTree = "<group>";
		};
		1B3365DE24C9511200028BBC /* BankingUI */ = {
			isa = PBXGroup;
			children = (
				1B888E7624CFC010000B3365 /* Elements */,
				1B3365FC24CA1CA600028BBC /* Models & Extensions */,
				1B888E7724CFC0A1000B3365 /* Overview */,
				1B3365F224CA0C7D00028BBC /* Analytics */,
				1B3365DF24C9511200028BBC /* BankingUIApp.swift */,
				1BD90F0724CD27B00049758D /* TabBar.swift */,
				1B3365E324C9511400028BBC /* Assets.xcassets */,
				1B3365E824C9511400028BBC /* Info.plist */,
				1B3365E524C9511400028BBC /* Preview Content */,
			);
			path = BankingUI;
			sourceTree = "<group>";
		};
		1B3365E524C9511400028BBC /* Preview Content */ = {
			isa = PBXGroup;
			children = (
				1B3365E624C9511400028BBC /* Preview Assets.xcassets */,
			);
			path = "Preview Content";
			sourceTree = "<group>";
		};
		1B3365F224CA0C7D00028BBC /* Analytics */ = {
			isa = PBXGroup;
			children = (
				1B07E0E424CA51FB000D9AD8 /* Analytics.swift */,
				1B07E0DF24CA349D000D9AD8 /* Tags */,
				1B07E0DA24CA314F000D9AD8 /* Accounts */,
				1B07E0D924CA3137000D9AD8 /* Transactions */,
				1B3365F324CA0C8700028BBC /* Rows */,
			);
			path = Analytics;
			sourceTree = "<group>";
		};
		1B3365F324CA0C8700028BBC /* Rows */ = {
			isa = PBXGroup;
			children = (
				1B3365F424CA0C9A00028BBC /* TagRow.swift */,
				1B3365F624CA0D4D00028BBC /* TransactionRow.swift */,
				1B3365F824CA1B9900028BBC /* AccountRow.swift */,
				1B3365FA24CA1C5400028BBC /* AddRow.swift */,
			);
			path = Rows;
			sourceTree = "<group>";
		};
		1B3365FC24CA1CA600028BBC /* Models & Extensions */ = {
			isa = PBXGroup;
			children = (
				1B3365EE24CA046300028BBC /* Models.swift */,
				1B3365F024CA076F00028BBC /* Extentions.swift */,
				1BD90F0924CD39FE0049758D /* GlobalData.swift */,
			);
			path = "Models & Extensions";
			sourceTree = "<group>";
		};
		1B888E7624CFC010000B3365 /* Elements */ = {
			isa = PBXGroup;
			children = (
				1BD90F1B24CE77700049758D /* CurrencyTextField.swift */,
				1BD90F0C24CDFA720049758D /* GeneralTextField.swift */,
				1BC9B59924CE8FE400CAEB78 /* Currency.swift */,
				1BB1433424D1C8B600A7C0B1 /* Card.swift */,
			);
			path = Elements;
			sourceTree = "<group>";
		};
		1B888E7724CFC0A1000B3365 /* Overview */ = {
			isa = PBXGroup;
			children = (
				1B888E7824CFC0BB000B3365 /* Overview.swift */,
				1B888E7A24CFE7EA000B3365 /* AccountsOverview.swift */,
			);
			path = Overview;
			sourceTree = "<group>";
		};
		1BB1431924D07B4B00A7C0B1 /* Add Pages */ = {
			isa = PBXGroup;
			children = (
				1BB1431A24D07D8700A7C0B1 /* TransAmount.swift */,
				1BB1431E24D083BF00A7C0B1 /* TransMerchant.swift */,
				1BB1432024D0848900A7C0B1 /* TransDate.swift */,
				1BB1432224D0881200A7C0B1 /* TransAccount.swift */,
				1BB1432424D0F26300A7C0B1 /* TransSummary.swift */,
			);
			path = "Add Pages";
			sourceTree = "<group>";
		};
		1BD90F0B24CDF1260049758D /* Add Pages */ = {
			isa = PBXGroup;
			children = (
				1BD90F0E24CDFE690049758D /* AccountName.swift */,
				1BD90F1524CE06FD0049758D /* AccountType.swift */,
				1BD90F1724CE722E0049758D /* AccountBalance.swift */,
				1BD90F1924CE74720049758D /* AccountSummary.swift */,
			);
			path = "Add Pages";
			sourceTree = "<group>";
		};
		1BD90F1224CE056A0049758D /* Add Pages */ = {
			isa = PBXGroup;
			children = (
				1BD90F0324CAA2EB0049758D /* TagName.swift */,
				1BD90F1324CE057C0049758D /* TagColor.swift */,
			);
			path = "Add Pages";
			sourceTree = "<group>";
		};
		66083A01BDFA3804A3CB0577 /* Frameworks */ = {
			isa = PBXGroup;
			children = (
				1BB1432D24D1424600A7C0B1 /* Package.swift */,
				F8AB9F98E639636CB577A3C1 /* Pods_BankingUI.framework */,
			);
			name = Frameworks;
			sourceTree = "<group>";
		};
		C4ABCDA92AD497BF9B7155D4 /* Pods */ = {
			isa = PBXGroup;
			children = (
				7CDAE02570CCC1468E8F4A19 /* Pods-BankingUI.debug.xcconfig */,
				47B0D26E0279522B61C9C7CC /* Pods-BankingUI.release.xcconfig */,
			);
			path = Pods;
			sourceTree = "<group>";
		};
/* End PBXGroup section */

/* Begin PBXNativeTarget section */
		1B3365DB24C9511200028BBC /* BankingUI */ = {
			isa = PBXNativeTarget;
			buildConfigurationList = 1B3365EB24C9511400028BBC /* Build configuration list for PBXNativeTarget "BankingUI" */;
			buildPhases = (
				8D8F1C6FF5633A3F582B2210 /* [CP] Check Pods Manifest.lock */,
				1B3365D824C9511200028BBC /* Sources */,
				1B3365D924C9511200028BBC /* Frameworks */,
				1B3365DA24C9511200028BBC /* Resources */,
				26FFFDC5FC80BBC0586A4792 /* [CP] Embed Pods Frameworks */,
			);
			buildRules = (
			);
			dependencies = (
			);
			name = BankingUI;
			packageProductDependencies = (
				1BB1433124D1437700A7C0B1 /* SwiftUICharts */,
			);
			productName = BankingUI;
			productReference = 1B3365DC24C9511200028BBC /* BankingUI.app */;
			productType = "com.apple.product-type.application";
		};
/* End PBXNativeTarget section */

/* Begin PBXProject section */
		1B3365D424C9511200028BBC /* Project object */ = {
			isa = PBXProject;
			attributes = {
				LastSwiftUpdateCheck = 1200;
				LastUpgradeCheck = 1200;
				TargetAttributes = {
					1B3365DB24C9511200028BBC = {
						CreatedOnToolsVersion = 12.0;
					};
				};
			};
			buildConfigurationList = 1B3365D724C9511200028BBC /* Build configuration list for PBXProject "BankingUI" */;
			compatibilityVersion = "Xcode 9.3";
			developmentRegion = en;
			hasScannedForEncodings = 0;
			knownRegions = (
				en,
				Base,
			);
			mainGroup = 1B3365D324C9511200028BBC;
			packageReferences = (
				1BB1433024D1437700A7C0B1 /* XCRemoteSwiftPackageReference "ChartView" */,
			);
			productRefGroup = 1B3365DD24C9511200028BBC /* Products */;
			projectDirPath = "";
			projectRoot = "";
			targets = (
				1B3365DB24C9511200028BBC /* BankingUI */,
			);
		};
/* End PBXProject section */

/* Begin PBXResourcesBuildPhase section */
		1B3365DA24C9511200028BBC /* Resources */ = {
			isa = PBXResourcesBuildPhase;
			buildActionMask = 2147483647;
			files = (
				1B3365E724C9511400028BBC /* Preview Assets.xcassets in Resources */,
				1B3365E424C9511400028BBC /* Assets.xcassets in Resources */,
			);
			runOnlyForDeploymentPostprocessing = 0;
		};
/* End PBXResourcesBuildPhase section */

/* Begin PBXShellScriptBuildPhase section */
		26FFFDC5FC80BBC0586A4792 /* [CP] Embed Pods Frameworks */ = {
			isa = PBXShellScriptBuildPhase;
			buildActionMask = 2147483647;
			files = (
			);
			inputFileListPaths = (
				"${PODS_ROOT}/Target Support Files/Pods-BankingUI/Pods-BankingUI-frameworks-${CONFIGURATION}-input-files.xcfilelist",
			);
			name = "[CP] Embed Pods Frameworks";
			outputFileListPaths = (
				"${PODS_ROOT}/Target Support Files/Pods-BankingUI/Pods-BankingUI-frameworks-${CONFIGURATION}-output-files.xcfilelist",
			);
			runOnlyForDeploymentPostprocessing = 0;
			shellPath = /bin/sh;
			shellScript = "\"${PODS_ROOT}/Target Support Files/Pods-BankingUI/Pods-BankingUI-frameworks.sh\"\n";
			showEnvVarsInLog = 0;
		};
		8D8F1C6FF5633A3F582B2210 /* [CP] Check Pods Manifest.lock */ = {
			isa = PBXShellScriptBuildPhase;
			buildActionMask = 2147483647;
			files = (
			);
			inputFileListPaths = (
			);
			inputPaths = (
				"${PODS_PODFILE_DIR_PATH}/Podfile.lock",
				"${PODS_ROOT}/Manifest.lock",
			);
			name = "[CP] Check Pods Manifest.lock";
			outputFileListPaths = (
			);
			outputPaths = (
				"$(DERIVED_FILE_DIR)/Pods-BankingUI-checkManifestLockResult.txt",
			);
			runOnlyForDeploymentPostprocessing = 0;
			shellPath = /bin/sh;
			shellScript = "diff \"${PODS_PODFILE_DIR_PATH}/Podfile.lock\" \"${PODS_ROOT}/Manifest.lock\" > /dev/null\nif [ $? != 0 ] ; then\n    # print error to STDERR\n    echo \"error: The sandbox is not in sync with the Podfile.lock. Run 'pod install' or update your CocoaPods installation.\" >&2\n    exit 1\nfi\n# This output is used by Xcode 'outputs' to avoid re-running this script phase.\necho \"SUCCESS\" > \"${SCRIPT_OUTPUT_FILE_0}\"\n";
			showEnvVarsInLog = 0;
		};
/* End PBXShellScriptBuildPhase section */

/* Begin PBXSourcesBuildPhase section */
		1B3365D824C9511200028BBC /* Sources */ = {
			isa = PBXSourcesBuildPhase;
			buildActionMask = 2147483647;
			files = (
				1BC9B59B24CE940E00CAEB78 /* CurrencyTextField.swift in Sources */,
				1B07E0E124CA34A9000D9AD8 /* TagList.swift in Sources */,
				1BB1431F24D083BF00A7C0B1 /* TransMerchant.swift in Sources */,
				1BB1432524D0F26300A7C0B1 /* TransSummary.swift in Sources */,
				1BD90F1824CE722E0049758D /* AccountBalance.swift in Sources */,
				1B3365FB24CA1C5400028BBC /* AddRow.swift in Sources */,
				1B3365FE24CA1E4600028BBC /* TransactionList.swift in Sources */,
				1BD90F1424CE057C0049758D /* TagColor.swift in Sources */,
				1B888E7924CFC0BB000B3365 /* Overview.swift in Sources */,
				1BD90F0824CD27B00049758D /* TabBar.swift in Sources */,
				1BB1433524D1C8B600A7C0B1 /* Card.swift in Sources */,
				1BC9B59A24CE8FE400CAEB78 /* Currency.swift in Sources */,
				1BD90F0F24CDFE690049758D /* AccountName.swift in Sources */,
				1B07E0E324CA34B4000D9AD8 /* TagDetail.swift in Sources */,
				1B888E7B24CFE7EA000B3365 /* AccountsOverview.swift in Sources */,
				1BD90F1A24CE74720049758D /* AccountSummary.swift in Sources */,
				1B3365F124CA076F00028BBC /* Extentions.swift in Sources */,
				1BB1432324D0881200A7C0B1 /* TransAccount.swift in Sources */,
				1B3365EF24CA046300028BBC /* Models.swift in Sources */,
				1BD90F0A24CD39FE0049758D /* GlobalData.swift in Sources */,
				1BB1431B24D07D8700A7C0B1 /* TransAmount.swift in Sources */,
				1BB1432124D0848900A7C0B1 /* TransDate.swift in Sources */,
				1B3365F724CA0D4D00028BBC /* TransactionRow.swift in Sources */,
				1BD90F0D24CDFA720049758D /* GeneralTextField.swift in Sources */,
				1B07E0DC24CA3162000D9AD8 /* AccountList.swift in Sources */,
				1B07E0E524CA51FB000D9AD8 /* Analytics.swift in Sources */,
				1B3365F524CA0C9A00028BBC /* TagRow.swift in Sources */,
				1B3365E024C9511200028BBC /* BankingUIApp.swift in Sources */,
				1BD90F0424CAA2EB0049758D /* TagName.swift in Sources */,
				1B07E0DE24CA316E000D9AD8 /* AccountDetail.swift in Sources */,
				1B3365F924CA1B9900028BBC /* AccountRow.swift in Sources */,
				1B07E0D824CA2EB3000D9AD8 /* TransactionDetail.swift in Sources */,
				1BD90F1624CE06FD0049758D /* AccountType.swift in Sources */,
			);
			runOnlyForDeploymentPostprocessing = 0;
		};
/* End PBXSourcesBuildPhase section */

/* Begin XCBuildConfiguration section */
		1B3365E924C9511400028BBC /* Debug */ = {
			isa = XCBuildConfiguration;
			buildSettings = {
				ALWAYS_SEARCH_USER_PATHS = NO;
				CLANG_ANALYZER_NONNULL = YES;
				CLANG_ANALYZER_NUMBER_OBJECT_CONVERSION = YES_AGGRESSIVE;
				CLANG_CXX_LANGUAGE_STANDARD = "gnu++14";
				CLANG_CXX_LIBRARY = "libc++";
				CLANG_ENABLE_MODULES = YES;
				CLANG_ENABLE_OBJC_ARC = YES;
				CLANG_ENABLE_OBJC_WEAK = YES;
				CLANG_WARN_BLOCK_CAPTURE_AUTORELEASING = YES;
				CLANG_WARN_BOOL_CONVERSION = YES;
				CLANG_WARN_COMMA = YES;
				CLANG_WARN_CONSTANT_CONVERSION = YES;
				CLANG_WARN_DEPRECATED_OBJC_IMPLEMENTATIONS = YES;
				CLANG_WARN_DIRECT_OBJC_ISA_USAGE = YES_ERROR;
				CLANG_WARN_DOCUMENTATION_COMMENTS = YES;
				CLANG_WARN_EMPTY_BODY = YES;
				CLANG_WARN_ENUM_CONVERSION = YES;
				CLANG_WARN_INFINITE_RECURSION = YES;
				CLANG_WARN_INT_CONVERSION = YES;
				CLANG_WARN_NON_LITERAL_NULL_CONVERSION = YES;
				CLANG_WARN_OBJC_IMPLICIT_RETAIN_SELF = YES;
				CLANG_WARN_OBJC_LITERAL_CONVERSION = YES;
				CLANG_WARN_OBJC_ROOT_CLASS = YES_ERROR;
				CLANG_WARN_QUOTED_INCLUDE_IN_FRAMEWORK_HEADER = YES;
				CLANG_WARN_RANGE_LOOP_ANALYSIS = YES;
				CLANG_WARN_STRICT_PROTOTYPES = YES;
				CLANG_WARN_SUSPICIOUS_MOVE = YES;
				CLANG_WARN_UNGUARDED_AVAILABILITY = YES_AGGRESSIVE;
				CLANG_WARN_UNREACHABLE_CODE = YES;
				CLANG_WARN__DUPLICATE_METHOD_MATCH = YES;
				COPY_PHASE_STRIP = NO;
				DEBUG_INFORMATION_FORMAT = dwarf;
				ENABLE_STRICT_OBJC_MSGSEND = YES;
				ENABLE_TESTABILITY = YES;
				GCC_C_LANGUAGE_STANDARD = gnu11;
				GCC_DYNAMIC_NO_PIC = NO;
				GCC_NO_COMMON_BLOCKS = YES;
				GCC_OPTIMIZATION_LEVEL = 0;
				GCC_PREPROCESSOR_DEFINITIONS = (
					"DEBUG=1",
					"$(inherited)",
				);
				GCC_WARN_64_TO_32_BIT_CONVERSION = YES;
				GCC_WARN_ABOUT_RETURN_TYPE = YES_ERROR;
				GCC_WARN_UNDECLARED_SELECTOR = YES;
				GCC_WARN_UNINITIALIZED_AUTOS = YES_AGGRESSIVE;
				GCC_WARN_UNUSED_FUNCTION = YES;
				GCC_WARN_UNUSED_VARIABLE = YES;
				IPHONEOS_DEPLOYMENT_TARGET = 14.0;
				MTL_ENABLE_DEBUG_INFO = INCLUDE_SOURCE;
				MTL_FAST_MATH = YES;
				ONLY_ACTIVE_ARCH = YES;
				SDKROOT = iphoneos;
				SWIFT_ACTIVE_COMPILATION_CONDITIONS = DEBUG;
				SWIFT_OPTIMIZATION_LEVEL = "-Onone";
			};
			name = Debug;
		};
		1B3365EA24C9511400028BBC /* Release */ = {
			isa = XCBuildConfiguration;
			buildSettings = {
				ALWAYS_SEARCH_USER_PATHS = NO;
				CLANG_ANALYZER_NONNULL = YES;
				CLANG_ANALYZER_NUMBER_OBJECT_CONVERSION = YES_AGGRESSIVE;
				CLANG_CXX_LANGUAGE_STANDARD = "gnu++14";
				CLANG_CXX_LIBRARY = "libc++";
				CLANG_ENABLE_MODULES = YES;
				CLANG_ENABLE_OBJC_ARC = YES;
				CLANG_ENABLE_OBJC_WEAK = YES;
				CLANG_WARN_BLOCK_CAPTURE_AUTORELEASING = YES;
				CLANG_WARN_BOOL_CONVERSION = YES;
				CLANG_WARN_COMMA = YES;
				CLANG_WARN_CONSTANT_CONVERSION = YES;
				CLANG_WARN_DEPRECATED_OBJC_IMPLEMENTATIONS = YES;
				CLANG_WARN_DIRECT_OBJC_ISA_USAGE = YES_ERROR;
				CLANG_WARN_DOCUMENTATION_COMMENTS = YES;
				CLANG_WARN_EMPTY_BODY = YES;
				CLANG_WARN_ENUM_CONVERSION = YES;
				CLANG_WARN_INFINITE_RECURSION = YES;
				CLANG_WARN_INT_CONVERSION = YES;
				CLANG_WARN_NON_LITERAL_NULL_CONVERSION = YES;
				CLANG_WARN_OBJC_IMPLICIT_RETAIN_SELF = YES;
				CLANG_WARN_OBJC_LITERAL_CONVERSION = YES;
				CLANG_WARN_OBJC_ROOT_CLASS = YES_ERROR;
				CLANG_WARN_QUOTED_INCLUDE_IN_FRAMEWORK_HEADER = YES;
				CLANG_WARN_RANGE_LOOP_ANALYSIS = YES;
				CLANG_WARN_STRICT_PROTOTYPES = YES;
				CLANG_WARN_SUSPICIOUS_MOVE = YES;
				CLANG_WARN_UNGUARDED_AVAILABILITY = YES_AGGRESSIVE;
				CLANG_WARN_UNREACHABLE_CODE = YES;
				CLANG_WARN__DUPLICATE_METHOD_MATCH = YES;
				COPY_PHASE_STRIP = NO;
				DEBUG_INFORMATION_FORMAT = "dwarf-with-dsym";
				ENABLE_NS_ASSERTIONS = NO;
				ENABLE_STRICT_OBJC_MSGSEND = YES;
				GCC_C_LANGUAGE_STANDARD = gnu11;
				GCC_NO_COMMON_BLOCKS = YES;
				GCC_WARN_64_TO_32_BIT_CONVERSION = YES;
				GCC_WARN_ABOUT_RETURN_TYPE = YES_ERROR;
				GCC_WARN_UNDECLARED_SELECTOR = YES;
				GCC_WARN_UNINITIALIZED_AUTOS = YES_AGGRESSIVE;
				GCC_WARN_UNUSED_FUNCTION = YES;
				GCC_WARN_UNUSED_VARIABLE = YES;
				IPHONEOS_DEPLOYMENT_TARGET = 14.0;
				MTL_ENABLE_DEBUG_INFO = NO;
				MTL_FAST_MATH = YES;
				SDKROOT = iphoneos;
				SWIFT_COMPILATION_MODE = wholemodule;
				SWIFT_OPTIMIZATION_LEVEL = "-O";
				VALIDATE_PRODUCT = YES;
			};
			name = Release;
		};
		1B3365EC24C9511400028BBC /* Debug */ = {
			isa = XCBuildConfiguration;
			baseConfigurationReference = 7CDAE02570CCC1468E8F4A19 /* Pods-BankingUI.debug.xcconfig */;
			buildSettings = {
				ASSETCATALOG_COMPILER_APPICON_NAME = AppIcon;
				ASSETCATALOG_COMPILER_GLOBAL_ACCENT_COLOR_NAME = AccentColor;
				CODE_SIGN_STYLE = Automatic;
				DEVELOPMENT_ASSET_PATHS = "\"BankingUI/Preview Content\"";
				DEVELOPMENT_TEAM = LL6476HKHT;
				ENABLE_PREVIEWS = YES;
				INFOPLIST_FILE = BankingUI/Info.plist;
				IPHONEOS_DEPLOYMENT_TARGET = 14.0;
				LD_RUNPATH_SEARCH_PATHS = (
					"$(inherited)",
					"@executable_path/Frameworks",
				);
				PRODUCT_BUNDLE_IDENTIFIER = com.sagar.BankingUI;
				PRODUCT_NAME = "$(TARGET_NAME)";
				SWIFT_VERSION = 5.0;
				TARGETED_DEVICE_FAMILY = "1,2";
			};
			name = Debug;
		};
		1B3365ED24C9511400028BBC /* Release */ = {
			isa = XCBuildConfiguration;
			baseConfigurationReference = 47B0D26E0279522B61C9C7CC /* Pods-BankingUI.release.xcconfig */;
			buildSettings = {
				ASSETCATALOG_COMPILER_APPICON_NAME = AppIcon;
				ASSETCATALOG_COMPILER_GLOBAL_ACCENT_COLOR_NAME = AccentColor;
				CODE_SIGN_STYLE = Automatic;
				DEVELOPMENT_ASSET_PATHS = "\"BankingUI/Preview Content\"";
				DEVELOPMENT_TEAM = LL6476HKHT;
				ENABLE_PREVIEWS = YES;
				INFOPLIST_FILE = BankingUI/Info.plist;
				IPHONEOS_DEPLOYMENT_TARGET = 14.0;
				LD_RUNPATH_SEARCH_PATHS = (
					"$(inherited)",
					"@executable_path/Frameworks",
				);
				PRODUCT_BUNDLE_IDENTIFIER = com.sagar.BankingUI;
				PRODUCT_NAME = "$(TARGET_NAME)";
				SWIFT_VERSION = 5.0;
				TARGETED_DEVICE_FAMILY = "1,2";
			};
			name = Release;
		};
/* End XCBuildConfiguration section */

/* Begin XCConfigurationList section */
		1B3365D724C9511200028BBC /* Build configuration list for PBXProject "BankingUI" */ = {
			isa = XCConfigurationList;
			buildConfigurations = (
				1B3365E924C9511400028BBC /* Debug */,
				1B3365EA24C9511400028BBC /* Release */,
			);
			defaultConfigurationIsVisible = 0;
			defaultConfigurationName = Release;
		};
		1B3365EB24C9511400028BBC /* Build configuration list for PBXNativeTarget "BankingUI" */ = {
			isa = XCConfigurationList;
			buildConfigurations = (
				1B3365EC24C9511400028BBC /* Debug */,
				1B3365ED24C9511400028BBC /* Release */,
			);
			defaultConfigurationIsVisible = 0;
			defaultConfigurationName = Release;
		};
/* End XCConfigurationList section */

/* Begin XCRemoteSwiftPackageReference section */
		1BB1433024D1437700A7C0B1 /* XCRemoteSwiftPackageReference "ChartView" */ = {
			isa = XCRemoteSwiftPackageReference;
			repositoryURL = "https://github.com/sagar5534/ChartView";
			requirement = {
				branch = master;
				kind = branch;
			};
		};
/* End XCRemoteSwiftPackageReference section */

/* Begin XCSwiftPackageProductDependency section */
		1BB1433124D1437700A7C0B1 /* SwiftUICharts */ = {
			isa = XCSwiftPackageProductDependency;
			package = 1BB1433024D1437700A7C0B1 /* XCRemoteSwiftPackageReference "ChartView" */;
			productName = SwiftUICharts;
		};
/* End XCSwiftPackageProductDependency section */
	};
	rootObject = 1B3365D424C9511200028BBC /* Project object */;
}
